
Microsoft Visual Studio Solution File, Format Version 12.00
# Visual Studio Version 17
VisualStudioVersion = 17.3.32901.215
MinimumVisualStudioVersion = 10.0.40219.1
Project("{FAE04EC0-301F-11D3-BF4B-00C04F79EFBC}") = "PracticalWorkI", "PracticalWorkI.csproj", "{8F76D2D0-B2EE-48D6-BC9B-D7A8027E9A1E}"
EndProject
Global
	GlobalSection(SolutionConfigurationPlatforms) = preSolution
		Debug|Any CPU = Debug|Any CPU
		Release|Any CPU = Release|Any CPU
	EndGlobalSection
	GlobalSection(ProjectConfigurationPlatforms) = postSolution
		{8F76D2D0-B2EE-48D6-BC9B-D7A8027E9A1E}.Debug|Any CPU.ActiveCfg = Debug|Any CPU
		{8F76D2D0-B2EE-48D6-BC9B-D7A8027E9A1E}.Debug|Any CPU.Build.0 = Debug|Any CPU
		{8F76D2D0-B2EE-48D6-BC9B-D7A8027E9A1E}.Release|Any CPU.ActiveCfg = Release|Any CPU
		{8F76D2D0-B2EE-48D6-BC9B-D7A8027E9A1E}.Release|Any CPU.Build.0 = Release|Any CPU
	EndGlobalSection
	GlobalSection(SolutionProperties) = preSolution
		HideSolutionNode = FALSE
	EndGlobalSection
	GlobalSection(ExtensibilityGlobals) = postSolution
		SolutionGuid = {6CA3ED3B-41CB-438E-812C-8E24CE50C984}
	EndGlobalSection
EndGlobal
